
Microsoft Visual Studio Solution File, Format Version 12.00
# Visual Studio Version 16
VisualStudioVersion = 16.0.30711.63
MinimumVisualStudioVersion = 10.0.40219.1
Project("{9A19103F-16F7-4668-BE54-9A1E7A4F7556}") = "RingSoft.HomeLogix", "RingSoft.HomeLogix\RingSoft.HomeLogix.csproj", "{BDDC9F0E-4D3E-4550-BA9C-33AD31E558C6}"
EndProject
Project("{9A19103F-16F7-4668-BE54-9A1E7A4F7556}") = "RingSoft.HomeLogix.Library", "RingSoft.HomeLogix.Library\RingSoft.HomeLogix.Library.csproj", "{4D813171-4D2C-4E8D-8E9C-0A5B35D362FD}"
EndProject
Project("{9A19103F-16F7-4668-BE54-9A1E7A4F7556}") = "RingSoft.App.Controls", "RingSoft.App.Controls\RingSoft.App.Controls.csproj", "{321265C2-F707-4AB7-9D56-22214473A285}"
EndProject
Project("{9A19103F-16F7-4668-BE54-9A1E7A4F7556}") = "RingSoft.HomeLogix.MasterData", "RingSoft.HomeLogix.MasterData\RingSoft.HomeLogix.MasterData.csproj", "{E52F3D8C-5499-4865-865A-A3B6940E4BE1}"
EndProject
Project("{9A19103F-16F7-4668-BE54-9A1E7A4F7556}") = "RingSoft.App.Library", "RingSoft.App.Library\RingSoft.App.Library.csproj", "{960B1230-A86D-4F1F-942C-27363729B88A}"
EndProject
Project("{9A19103F-16F7-4668-BE54-9A1E7A4F7556}") = "RingSoft.HomeLogix.DataAccess", "RingSoft.HomeLogix.DataAccess\RingSoft.HomeLogix.DataAccess.csproj", "{28F8137A-A929-4898-98E0-2F71598AD2F1}"
EndProject
Project("{9A19103F-16F7-4668-BE54-9A1E7A4F7556}") = "RingSoft.HomeLogix.Sqlite", "RingSoft.HomeLogix.Sqlite\RingSoft.HomeLogix.Sqlite.csproj", "{05EDEA31-AD2A-4B3B-898E-EDDF8C20E434}"
EndProject
Project("{9A19103F-16F7-4668-BE54-9A1E7A4F7556}") = "RingSoft.HomeLogix.Tests", "RingSoft.HomeLogix.Tests\RingSoft.HomeLogix.Tests.csproj", "{11CCA365-D947-4F60-8B24-B1999FC75588}"
EndProject
Global
	GlobalSection(SolutionConfigurationPlatforms) = preSolution
		Debug|Any CPU = Debug|Any CPU
		Release|Any CPU = Release|Any CPU
	EndGlobalSection
	GlobalSection(ProjectConfigurationPlatforms) = postSolution
		{BDDC9F0E-4D3E-4550-BA9C-33AD31E558C6}.Debug|Any CPU.ActiveCfg = Debug|Any CPU
		{BDDC9F0E-4D3E-4550-BA9C-33AD31E558C6}.Debug|Any CPU.Build.0 = Debug|Any CPU
		{BDDC9F0E-4D3E-4550-BA9C-33AD31E558C6}.Release|Any CPU.ActiveCfg = Release|Any CPU
		{BDDC9F0E-4D3E-4550-BA9C-33AD31E558C6}.Release|Any CPU.Build.0 = Release|Any CPU
		{4D813171-4D2C-4E8D-8E9C-0A5B35D362FD}.Debug|Any CPU.ActiveCfg = Debug|Any CPU
		{4D813171-4D2C-4E8D-8E9C-0A5B35D362FD}.Debug|Any CPU.Build.0 = Debug|Any CPU
		{4D813171-4D2C-4E8D-8E9C-0A5B35D362FD}.Release|Any CPU.ActiveCfg = Release|Any CPU
		{4D813171-4D2C-4E8D-8E9C-0A5B35D362FD}.Release|Any CPU.Build.0 = Release|Any CPU
		{321265C2-F707-4AB7-9D56-22214473A285}.Debug|Any CPU.ActiveCfg = Debug|Any CPU
		{321265C2-F707-4AB7-9D56-22214473A285}.Debug|Any CPU.Build.0 = Debug|Any CPU
		{321265C2-F707-4AB7-9D56-22214473A285}.Release|Any CPU.ActiveCfg = Release|Any CPU
		{321265C2-F707-4AB7-9D56-22214473A285}.Release|Any CPU.Build.0 = Release|Any CPU
		{E52F3D8C-5499-4865-865A-A3B6940E4BE1}.Debug|Any CPU.ActiveCfg = Debug|Any CPU
		{E52F3D8C-5499-4865-865A-A3B6940E4BE1}.Debug|Any CPU.Build.0 = Debug|Any CPU
		{E52F3D8C-5499-4865-865A-A3B6940E4BE1}.Release|Any CPU.ActiveCfg = Release|Any CPU
		{E52F3D8C-5499-4865-865A-A3B6940E4BE1}.Release|Any CPU.Build.0 = Release|Any CPU
		{960B1230-A86D-4F1F-942C-27363729B88A}.Debug|Any CPU.ActiveCfg = Debug|Any CPU
		{960B1230-A86D-4F1F-942C-27363729B88A}.Debug|Any CPU.Build.0 = Debug|Any CPU
		{960B1230-A86D-4F1F-942C-27363729B88A}.Release|Any CPU.ActiveCfg = Release|Any CPU
		{960B1230-A86D-4F1F-942C-27363729B88A}.Release|Any CPU.Build.0 = Release|Any CPU
		{28F8137A-A929-4898-98E0-2F71598AD2F1}.Debug|Any CPU.ActiveCfg = Debug|Any CPU
		{28F8137A-A929-4898-98E0-2F71598AD2F1}.Debug|Any CPU.Build.0 = Debug|Any CPU
		{28F8137A-A929-4898-98E0-2F71598AD2F1}.Release|Any CPU.ActiveCfg = Release|Any CPU
		{28F8137A-A929-4898-98E0-2F71598AD2F1}.Release|Any CPU.Build.0 = Release|Any CPU
		{05EDEA31-AD2A-4B3B-898E-EDDF8C20E434}.Debug|Any CPU.ActiveCfg = Debug|Any CPU
		{05EDEA31-AD2A-4B3B-898E-EDDF8C20E434}.Debug|Any CPU.Build.0 = Debug|Any CPU
		{05EDEA31-AD2A-4B3B-898E-EDDF8C20E434}.Release|Any CPU.ActiveCfg = Release|Any CPU
		{05EDEA31-AD2A-4B3B-898E-EDDF8C20E434}.Release|Any CPU.Build.0 = Release|Any CPU
		{11CCA365-D947-4F60-8B24-B1999FC75588}.Debug|Any CPU.ActiveCfg = Debug|Any CPU
		{11CCA365-D947-4F60-8B24-B1999FC75588}.Debug|Any CPU.Build.0 = Debug|Any CPU
		{11CCA365-D947-4F60-8B24-B1999FC75588}.Release|Any CPU.ActiveCfg = Release|Any CPU
		{11CCA365-D947-4F60-8B24-B1999FC75588}.Release|Any CPU.Build.0 = Release|Any CPU
	EndGlobalSection
	GlobalSection(SolutionProperties) = preSolution
		HideSolutionNode = FALSE
	EndGlobalSection
	GlobalSection(ExtensibilityGlobals) = postSolution
		SolutionGuid = {3C4D3BC8-9F9E-4EF6-AC5E-422864F1F60F}
	EndGlobalSection
EndGlobal
